{
    "_readme": [
        "This file locks the dependencies of your project to a known state",
        "Read more about it at https://getcomposer.org/doc/01-basic-usage.md#installing-dependencies",
        "This file is @generated automatically"
    ],
    "content-hash": "406762c238bfaf58d35328ad9c93c6d7",
    "packages": [
        {
            "name": "gordon-ansell/greenfedora-framework",
            "version": "dev-main",
            "source": {
                "type": "git",
                "url": "https://github.com/gordon-ansell/greenfedora-framework.git",
                "reference": "beaf204e83628e7a856da3c38340f7b315aa8864"
            },
            "dist": {
                "type": "zip",
                "url": "https://api.github.com/repos/gordon-ansell/greenfedora-framework/zipball/beaf204e83628e7a856da3c38340f7b315aa8864",
                "reference": "beaf204e83628e7a856da3c38340f7b315aa8864",
                "shasum": ""
            },
            "require": {
                "php": "^7.0",
                "psr/container": "^2.0",
                "psr/link": "^1.0",
                "psr/log": "~1.0"
            },
            "default-branch": true,
            "type": "library",
            "autoload": {
                "psr-4": {
                    "GreenFedora\\": "src"
                },
                "exclude-from-classmap": [
                    "**/Test/"
                ]
            },
            "license": [
                "BSD-3-Clause"
            ],
            "description": "GreenFedora PHP Framework",
            "homepage": "http://gordonansell.com/greenfedora/framework",
            "keywords": [
                "framework",
                "greenfedora",
                "php"
            ],
            "support": {
                "source": "https://github.com/gordon-ansell/greenfedora-framework/tree/main",
                "issues": "https://github.com/gordon-ansell/greenfedora-framework/issues"
            },
            "time": "2021-04-23T13:57:09+00:00"
        },
        {
            "name": "gordon-ansell/greenfedora-scss",
            "version": "dev-main",
            "source": {
                "type": "git",
                "url": "https://github.com/gordon-ansell/greenfedora-scss.git",
                "reference": "cbfde2c51fa265bbcf975c835f7eadb92e960b88"
            },
            "dist": {
                "type": "zip",
                "url": "https://api.github.com/repos/gordon-ansell/greenfedora-scss/zipball/cbfde2c51fa265bbcf975c835f7eadb92e960b88",
                "reference": "cbfde2c51fa265bbcf975c835f7eadb92e960b88",
                "shasum": ""
            },
            "default-branch": true,
            "type": "library",
            "license": [
                "BSD-3-Clause"
            ],
            "description": "GreenFedora SCSS Framework",
            "homepage": "http://gordonansell.com/greenfedora/scss",
            "keywords": [
                "css",
                "framework",
                "greenfedora",
                "scss"
            ],
            "support": {
                "source": "https://github.com/gordon-ansell/greenfedora-scss/tree/main",
                "issues": "https://github.com/gordon-ansell/greenfedora-scss/issues"
            },
            "time": "2021-04-20T05:28:53+00:00"
        },
        {
            "name": "league/plates",
            "version": "v3.x-dev",
            "source": {
                "type": "git",
                "url": "https://github.com/thephpleague/plates.git",
                "reference": "0ed15417865a1b51d6e4464f0cbbc986e9840253"
            },
            "dist": {
                "type": "zip",
                "url": "https://api.github.com/repos/thephpleague/plates/zipball/0ed15417865a1b51d6e4464f0cbbc986e9840253",
                "reference": "0ed15417865a1b51d6e4464f0cbbc986e9840253",
                "shasum": ""
            },
            "require": {
                "php": "^7.0|^8.0"
            },
            "require-dev": {
                "mikey179/vfsstream": "^1.6",
                "phpunit/phpunit": "^9.5",
                "squizlabs/php_codesniffer": "^3.5"
            },
            "default-branch": true,
            "type": "library",
            "extra": {
                "branch-alias": {
                    "dev-master": "3.0-dev"
                }
            },
            "autoload": {
                "psr-4": {
                    "League\\Plates\\": "src"
                }
            },
            "notification-url": "https://packagist.org/downloads/",
            "license": [
                "MIT"
            ],
            "authors": [
                {
                    "name": "Jonathan Reinink",
                    "email": "jonathan@reinink.ca",
                    "role": "Developer"
                },
                {
                    "name": "RJ Garcia",
                    "email": "ragboyjr@icloud.com",
                    "role": "Developer"
                }
            ],
            "description": "Plates, the native PHP template system that's fast, easy to use and easy to extend.",
            "homepage": "https://platesphp.com",
            "keywords": [
                "league",
                "package",
                "templates",
                "templating",
                "views"
            ],
            "support": {
                "issues": "https://github.com/thephpleague/plates/issues",
                "source": "https://github.com/thephpleague/plates/tree/v3"
            },
            "time": "2021-01-09T16:31:14+00:00"
        },
        {
            "name": "psr/container",
            "version": "dev-master",
            "source": {
                "type": "git",
                "url": "https://github.com/php-fig/container.git",
                "reference": "2ae37329ee82f91efadc282cc2d527fd6065a5ef"
            },
            "dist": {
                "type": "zip",
                "url": "https://api.github.com/repos/php-fig/container/zipball/2ae37329ee82f91efadc282cc2d527fd6065a5ef",
                "reference": "2ae37329ee82f91efadc282cc2d527fd6065a5ef",
                "shasum": ""
            },
            "require": {
                "php": ">=7.2.0"
            },
            "default-branch": true,
            "type": "library",
            "extra": {
                "branch-alias": {
                    "dev-master": "2.0.x-dev"
                }
            },
            "autoload": {
                "psr-4": {
                    "Psr\\Container\\": "src/"
                }
            },
            "notification-url": "https://packagist.org/downloads/",
            "license": [
                "MIT"
            ],
            "authors": [
                {
                    "name": "PHP-FIG",
                    "homepage": "https://www.php-fig.org/"
                }
            ],
            "description": "Common Container Interface (PHP FIG PSR-11)",
            "homepage": "https://github.com/php-fig/container",
            "keywords": [
                "PSR-11",
                "container",
                "container-interface",
                "container-interop",
                "psr"
            ],
            "support": {
                "issues": "https://github.com/php-fig/container/issues",
                "source": "https://github.com/php-fig/container/tree/2.0.1"
            },
            "time": "2021-03-24T13:40:57+00:00"
        },
        {
            "name": "psr/link",
            "version": "1.0.0",
            "source": {
                "type": "git",
                "url": "https://github.com/php-fig/link.git",
                "reference": "eea8e8662d5cd3ae4517c9b864493f59fca95562"
            },
            "dist": {
                "type": "zip",
                "url": "https://api.github.com/repos/php-fig/link/zipball/eea8e8662d5cd3ae4517c9b864493f59fca95562",
                "reference": "eea8e8662d5cd3ae4517c9b864493f59fca95562",
                "shasum": ""
            },
            "require": {
                "php": ">=5.3.0"
            },
            "type": "library",
            "extra": {
                "branch-alias": {
                    "dev-master": "1.0.x-dev"
                }
            },
            "autoload": {
                "psr-4": {
                    "Psr\\Link\\": "src/"
                }
            },
            "notification-url": "https://packagist.org/downloads/",
            "license": [
                "MIT"
            ],
            "authors": [
                {
                    "name": "PHP-FIG",
                    "homepage": "http://www.php-fig.org/"
                }
            ],
            "description": "Common interfaces for HTTP links",
            "keywords": [
                "http",
                "http-link",
                "link",
                "psr",
                "psr-13",
                "rest"
            ],
            "support": {
                "source": "https://github.com/php-fig/link/tree/master"
            },
            "time": "2016-10-28T16:06:13+00:00"
        },
        {
            "name": "psr/log",
            "version": "dev-master",
            "source": {
                "type": "git",
                "url": "https://github.com/php-fig/log.git",
                "reference": "a18c1e692e02b84abbafe4856c3cd7cc6903908c"
            },
            "dist": {
                "type": "zip",
                "url": "https://api.github.com/repos/php-fig/log/zipball/a18c1e692e02b84abbafe4856c3cd7cc6903908c",
                "reference": "a18c1e692e02b84abbafe4856c3cd7cc6903908c",
                "shasum": ""
            },
            "require": {
                "php": ">=5.3.0"
            },
            "default-branch": true,
            "type": "library",
            "extra": {
                "branch-alias": {
                    "dev-master": "1.1.x-dev"
                }
            },
            "autoload": {
                "psr-4": {
                    "Psr\\Log\\": "Psr/Log/"
                }
            },
            "notification-url": "https://packagist.org/downloads/",
            "license": [
                "MIT"
            ],
            "authors": [
                {
                    "name": "PHP-FIG",
                    "homepage": "https://www.php-fig.org/"
                }
            ],
            "description": "Common interface for logging libraries",
            "homepage": "https://github.com/php-fig/log",
            "keywords": [
                "log",
                "psr",
                "psr-3"
            ],
            "support": {
                "source": "https://github.com/php-fig/log/tree/master"
            },
            "time": "2021-03-02T15:02:34+00:00"
        },
        {
            "name": "spatie/schema-org",
            "version": "dev-master",
            "source": {
                "type": "git",
                "url": "https://github.com/spatie/schema-org.git",
                "reference": "c847dc09c78e8ba8fe3a32e062c05368388671c1"
            },
            "dist": {
                "type": "zip",
                "url": "https://api.github.com/repos/spatie/schema-org/zipball/c847dc09c78e8ba8fe3a32e062c05368388671c1",
                "reference": "c847dc09c78e8ba8fe3a32e062c05368388671c1",
                "shasum": ""
            },
            "require": {
                "ext-json": "*",
                "php": "^7.3 || ^8.0"
            },
            "require-dev": {
                "graham-campbell/analyzer": "^3.0.4",
                "illuminate/collections": "^8.16.1",
                "league/flysystem": "^1.1.3",
                "phpunit/phpunit": "^9.4.3",
                "symfony/console": "^3.4.47",
                "twig/twig": "^1.44.1"
            },
            "default-branch": true,
            "type": "library",
            "autoload": {
                "psr-4": {
                    "Spatie\\SchemaOrg\\": "src"
                }
            },
            "notification-url": "https://packagist.org/downloads/",
            "license": [
                "MIT"
            ],
            "authors": [
                {
                    "name": "Sebastian De Deyne",
                    "email": "sebastian@spatie.be",
                    "homepage": "https://spatie.be",
                    "role": "Developer"
                },
                {
                    "name": "Tom Witkowski",
                    "email": "dev.gummibeer@gmail.com",
                    "homepage": "https://gummibeer.de",
                    "role": "Developer"
                }
            ],
            "description": "A fluent builder Schema.org types and ld+json generator",
            "homepage": "https://github.com/spatie/schema-org",
            "keywords": [
                "schema-org",
                "spatie"
            ],
            "support": {
                "issues": "https://github.com/spatie/schema-org/issues",
                "source": "https://github.com/spatie/schema-org/tree/3.3.0"
            },
            "funding": [
                {
                    "url": "https://spatie.be/open-source/support-us",
                    "type": "custom"
                },
                {
                    "url": "https://github.com/spatie",
                    "type": "github"
                }
            ],
            "time": "2021-01-02T18:36:55+00:00"
        }
    ],
    "packages-dev": [],
    "aliases": [],
    "minimum-stability": "dev",
    "stability-flags": [],
    "prefer-stable": false,
    "prefer-lowest": false,
    "platform": {
        "php": "^7.0"
    },
    "platform-dev": [],
    "plugin-api-version": "2.0.0"
}
